// !$*UTF8*$!
{
	archiveVersion = 1;
	classes = {
	};
	objectVersion = 48;
	objects = {

/* Begin PBXBuildFile section */
		689A3FBE2014630A00FFF496 /* AppDelegate.swift in Sources */ = {isa = PBXBuildFile; fileRef = 689A3FBD2014630A00FFF496 /* AppDelegate.swift */; };
		689A3FC02014630A00FFF496 /* ViewController.swift in Sources */ = {isa = PBXBuildFile; fileRef = 689A3FBF2014630A00FFF496 /* ViewController.swift */; };
		689A3FC32014630A00FFF496 /* Main.storyboard in Resources */ = {isa = PBXBuildFile; fileRef = 689A3FC12014630A00FFF496 /* Main.storyboard */; };
		689A3FC52014630A00FFF496 /* Assets.xcassets in Resources */ = {isa = PBXBuildFile; fileRef = 689A3FC42014630A00FFF496 /* Assets.xcassets */; };
		689A3FC82014630A00FFF496 /* LaunchScreen.storyboard in Resources */ = {isa = PBXBuildFile; fileRef = 689A3FC62014630A00FFF496 /* LaunchScreen.storyboard */; };
/* End PBXBuildFile section */

/* Begin PBXFileReference section */
		689A3FBA2014630A00FFF496 /* Don't Get Cold.app */ = {isa = PBXFileReference; explicitFileType = wrapper.application; includeInIndex = 0; path = "Don't Get Cold.app"; sourceTree = BUILT_PRODUCTS_DIR; };
		689A3FBD2014630A00FFF496 /* AppDelegate.swift */ = {isa = PBXFileReference; lastKnownFileType = sourcecode.swift; path = AppDelegate.swift; sourceTree = "<group>"; };
		689A3FBF2014630A00FFF496 /* ViewController.swift */ = {isa = PBXFileReference; lastKnownFileType = sourcecode.swift; path = ViewController.swift; sourceTree = "<group>"; };
		689A3FC22014630A00FFF496 /* Base */ = {isa = PBXFileReference; lastKnownFileType = file.storyboard; name = Base; path = Base.lproj/Main.storyboard; sourceTree = "<group>"; };
		689A3FC42014630A00FFF496 /* Assets.xcassets */ = {isa = PBXFileReference; lastKnownFileType = folder.assetcatalog; path = Assets.xcassets; sourceTree = "<group>"; };
		689A3FC72014630A00FFF496 /* Base */ = {isa = PBXFileReference; lastKnownFileType = file.storyboard; name = Base; path = Base.lproj/LaunchScreen.storyboard; sourceTree = "<group>"; };
		689A3FC92014630A00FFF496 /* Info.plist */ = {isa = PBXFileReference; lastKnownFileType = text.plist.xml; path = Info.plist; sourceTree = "<group>"; };
/* End PBXFileReference section */

/* Begin PBXFrameworksBuildPhase section */
		689A3FB72014630A00FFF496 /* Frameworks */ = {
			isa = PBXFrameworksBuildPhase;
			buildActionMask = 2147483647;
			files = (
			);
			runOnlyForDeploymentPostprocessing = 0;
		};
/* End PBXFrameworksBuildPhase section */

/* Begin PBXGroup section */
		689A3FB12014630A00FFF496 = {
			isa = PBXGroup;
			children = (
				689A3FBC2014630A00FFF496 /* Don't Get Cold */,
				689A3FBB2014630A00FFF496 /* Products */,
			);
			sourceTree = "<group>";
		};
		689A3FBB2014630A00FFF496 /* Products */ = {
			isa = PBXGroup;
			children = (
				689A3FBA2014630A00FFF496 /* Don't Get Cold.app */,
			);
			name = Products;
			sourceTree = "<group>";
		};
		689A3FBC2014630A00FFF496 /* Don't Get Cold */ = {
			isa = PBXGroup;
			children = (
				689A3FBD2014630A00FFF496 /* AppDelegate.swift */,
				689A3FBF2014630A00FFF496 /* ViewController.swift */,
				689A3FC12014630A00FFF496 /* Main.storyboard */,
				689A3FC42014630A00FFF496 /* Assets.xcassets */,
				689A3FC62014630A00FFF496 /* LaunchScreen.storyboard */,
				689A3FC92014630A00FFF496 /* Info.plist */,
			);
			path = "Don't Get Cold";
			sourceTree = "<group>";
		};
/* End PBXGroup section */

/* Begin PBXNativeTarget section */
		689A3FB92014630A00FFF496 /* Don't Get Cold */ = {
			isa = PBXNativeTarget;
			buildConfigurationList = 689A3FCC2014630A00FFF496 /* Build configuration list for PBXNativeTarget "Don't Get Cold" */;
			buildPhases = (
				689A3FB62014630A00FFF496 /* Sources */,
				689A3FB72014630A00FFF496 /* Frameworks */,
				689A3FB82014630A00FFF496 /* Resources */,
			);
			buildRules = (
			);
			dependencies = (
			);
			name = "Don't Get Cold";
			productName = "Don't Get Cold";
			productReference = 689A3FBA2014630A00FFF496 /* Don't Get Cold.app */;
			productType = "com.apple.product-type.application";
		};
/* End PBXNativeTarget section */

/* Begin PBXProject section */
		689A3FB22014630A00FFF496 /* Project object */ = {
			isa = PBXProject;
			attributes = {
				LastSwiftUpdateCheck = 0920;
				LastUpgradeCheck = 0920;
				ORGANIZATIONNAME = "Hovig Kousherian";
				TargetAttributes = {
					689A3FB92014630A00FFF496 = {
						CreatedOnToolsVersion = 9.2;
						ProvisioningStyle = Automatic;
					};
				};
			};
			buildConfigurationList = 689A3FB52014630A00FFF496 /* Build configuration list for PBXProject "Don't Get Cold" */;
			compatibilityVersion = "Xcode 8.0";
			developmentRegion = en;
			hasScannedForEncodings = 0;
			knownRegions = (
				en,
				Base,
			);
			mainGroup = 689A3FB12014630A00FFF496;
			productRefGroup = 689A3FBB2014630A00FFF496 /* Products */;
			projectDirPath = "";
			projectRoot = "";
			targets = (
				689A3FB92014630A00FFF496 /* Don't Get Cold */,
			);
		};
/* End PBXProject section */

/* Begin PBXResourcesBuildPhase section */
		689A3FB82014630A00FFF496 /* Resources */ = {
			isa = PBXResourcesBuildPhase;
			buildActionMask = 2147483647;
			files = (
				689A3FC82014630A00FFF496 /* LaunchScreen.storyboard in Resources */,
				689A3FC52014630A00FFF496 /* Assets.xcassets in Resources */,
				689A3FC32014630A00FFF496 /* Main.storyboard in Resources */,
			);
			runOnlyForDeploymentPostprocessing = 0;
		};
/* End PBXResourcesBuildPhase section */

/* Begin PBXSourcesBuildPhase section */
		689A3FB62014630A00FFF496 /* Sources */ = {
			isa = PBXSourcesBuildPhase;
			buildActionMask = 2147483647;
			files = (
				689A3FC02014630A00FFF496 /* ViewController.swift in Sources */,
				689A3FBE2014630A00FFF496 /* AppDelegate.swift in Sources */,
			);
			runOnlyForDeploymentPostprocessing = 0;
		};
/* End PBXSourcesBuildPhase section */

/* Begin PBXVariantGroup section */
		689A3FC12014630A00FFF496 /* Main.storyboard */ = {
			isa = PBXVariantGroup;
			children = (
				689A3FC22014630A00FFF496 /* Base */,
			);
			name = Main.storyboard;
			sourceTree = "<group>";
		};
		689A3FC62014630A00FFF496 /* LaunchScreen.storyboard */ = {
			isa = PBXVariantGroup;
			children = (
				689A3FC72014630A00FFF496 /* Base */,
			);
			name = LaunchScreen.storyboard;
			sourceTree = "<group>";
		};
/* End PBXVariantGroup section */

/* Begin XCBuildConfiguration section */
		689A3FCA2014630A00FFF496 /* Debug */ = {
			isa = XCBuildConfiguration;
			buildSettings = {
				ALWAYS_SEARCH_USER_PATHS = NO;
				CLANG_ANALYZER_NONNULL = YES;
				CLANG_ANALYZER_NUMBER_OBJECT_CONVERSION = YES_AGGRESSIVE;
				CLANG_CXX_LANGUAGE_STANDARD = "gnu++14";
				CLANG_CXX_LIBRARY = "libc++";
				CLANG_ENABLE_MODULES = YES;
				CLANG_ENABLE_OBJC_ARC = YES;
				CLANG_WARN_BLOCK_CAPTURE_AUTORELEASING = YES;
				CLANG_WARN_BOOL_CONVERSION = YES;
				CLANG_WARN_COMMA = YES;
				CLANG_WARN_CONSTANT_CONVERSION = YES;
				CLANG_WARN_DIRECT_OBJC_ISA_USAGE = YES_ERROR;
				CLANG_WARN_DOCUMENTATION_COMMENTS = YES;
				CLANG_WARN_EMPTY_BODY = YES;
				CLANG_WARN_ENUM_CONVERSION = YES;
				CLANG_WARN_INFINITE_RECURSION = YES;
				CLANG_WARN_INT_CONVERSION = YES;
				CLANG_WARN_NON_LITERAL_NULL_CONVERSION = YES;
				CLANG_WARN_OBJC_LITERAL_CONVERSION = YES;
				CLANG_WARN_OBJC_ROOT_CLASS = YES_ERROR;
				CLANG_WARN_RANGE_LOOP_ANALYSIS = YES;
				CLANG_WARN_STRICT_PROTOTYPES = YES;
				CLANG_WARN_SUSPICIOUS_MOVE = YES;
				CLANG_WARN_UNGUARDED_AVAILABILITY = YES_AGGRESSIVE;
				CLANG_WARN_UNREACHABLE_CODE = YES;
				CLANG_WARN__DUPLICATE_METHOD_MATCH = YES;
				CODE_SIGN_IDENTITY = "iPhone Developer";
				COPY_PHASE_STRIP = NO;
				DEBUG_INFORMATION_FORMAT = dwarf;
				ENABLE_STRICT_OBJC_MSGSEND = YES;
				ENABLE_TESTABILITY = YES;
				GCC_C_LANGUAGE_STANDARD = gnu11;
				GCC_DYNAMIC_NO_PIC = NO;
				GCC_NO_COMMON_BLOCKS = YES;
				GCC_OPTIMIZATION_LEVEL = 0;
				GCC_PREPROCESSOR_DEFINITIONS = (
					"DEBUG=1",
					"$(inherited)",
				);
				GCC_WARN_64_TO_32_BIT_CONVERSION = YES;
				GCC_WARN_ABOUT_RETURN_TYPE = YES_ERROR;
				GCC_WARN_UNDECLARED_SELECTOR = YES;
				GCC_WARN_UNINITIALIZED_AUTOS = YES_AGGRESSIVE;
				GCC_WARN_UNUSED_FUNCTION = YES;
				GCC_WARN_UNUSED_VARIABLE = YES;
				IPHONEOS_DEPLOYMENT_TARGET = 11.2;
				MTL_ENABLE_DEBUG_INFO = YES;
				ONLY_ACTIVE_ARCH = YES;
				SDKROOT = iphoneos;
				SWIFT_ACTIVE_COMPILATION_CONDITIONS = DEBUG;
				SWIFT_OPTIMIZATION_LEVEL = "-Onone";
			};
			name = Debug;
		};
		689A3FCB2014630A00FFF496 /* Release */ = {
			isa = XCBuildConfiguration;
			buildSettings = {
				ALWAYS_SEARCH_USER_PATHS = NO;
				CLANG_ANALYZER_NONNULL = YES;
				CLANG_ANALYZER_NUMBER_OBJECT_CONVERSION = YES_AGGRESSIVE;
				CLANG_CXX_LANGUAGE_STANDARD = "gnu++14";
				CLANG_CXX_LIBRARY = "libc++";
				CLANG_ENABLE_MODULES = YES;
				CLANG_ENABLE_OBJC_ARC = YES;
				CLANG_WARN_BLOCK_CAPTURE_AUTORELEASING = YES;
				CLANG_WARN_BOOL_CONVERSION = YES;
				CLANG_WARN_COMMA = YES;
				CLANG_WARN_CONSTANT_CONVERSION = YES;
				CLANG_WARN_DIRECT_OBJC_ISA_USAGE = YES_ERROR;
				CLANG_WARN_DOCUMENTATION_COMMENTS = YES;
				CLANG_WARN_EMPTY_BODY = YES;
				CLANG_WARN_ENUM_CONVERSION = YES;
				CLANG_WARN_INFINITE_RECURSION = YES;
				CLANG_WARN_INT_CONVERSION = YES;
				CLANG_WARN_NON_LITERAL_NULL_CONVERSION = YES;
				CLANG_WARN_OBJC_LITERAL_CONVERSION = YES;
				CLANG_WARN_OBJC_ROOT_CLASS = YES_ERROR;
				CLANG_WARN_RANGE_LOOP_ANALYSIS = YES;
				CLANG_WARN_STRICT_PROTOTYPES = YES;
				CLANG_WARN_SUSPICIOUS_MOVE = YES;
				CLANG_WARN_UNGUARDED_AVAILABILITY = YES_AGGRESSIVE;
				CLANG_WARN_UNREACHABLE_CODE = YES;
				CLANG_WARN__DUPLICATE_METHOD_MATCH = YES;
				CODE_SIGN_IDENTITY = "iPhone Developer";
				COPY_PHASE_STRIP = NO;
				DEBUG_INFORMATION_FORMAT = "dwarf-with-dsym";
				ENABLE_NS_ASSERTIONS = NO;
				ENABLE_STRICT_OBJC_MSGSEND = YES;
				GCC_C_LANGUAGE_STANDARD = gnu11;
				GCC_NO_COMMON_BLOCKS = YES;
				GCC_WARN_64_TO_32_BIT_CONVERSION = YES;
				GCC_WARN_ABOUT_RETURN_TYPE = YES_ERROR;
				GCC_WARN_UNDECLARED_SELECTOR = YES;
				GCC_WARN_UNINITIALIZED_AUTOS = YES_AGGRESSIVE;
				GCC_WARN_UNUSED_FUNCTION = YES;
				GCC_WARN_UNUSED_VARIABLE = YES;
				IPHONEOS_DEPLOYMENT_TARGET = 11.2;
				MTL_ENABLE_DEBUG_INFO = NO;
				SDKROOT = iphoneos;
				SWIFT_OPTIMIZATION_LEVEL = "-Owholemodule";
				VALIDATE_PRODUCT = YES;
			};
			name = Release;
		};
		689A3FCD2014630A00FFF496 /* Debug */ = {
			isa = XCBuildConfiguration;
			buildSettings = {
				ASSETCATALOG_COMPILER_APPICON_NAME = AppIcon;
				CODE_SIGN_STYLE = Automatic;
				DEVELOPMENT_TEAM = 3F7NZ8Q9YA;
				INFOPLIST_FILE = "Don't Get Cold/Info.plist";
				LD_RUNPATH_SEARCH_PATHS = "$(inherited) @executable_path/Frameworks";
				PRODUCT_BUNDLE_IDENTIFIER = "com.hovigkousherian.Don-t-Get-Cold";
				PRODUCT_NAME = "$(TARGET_NAME)";
				SWIFT_VERSION = 4.0;
				TARGETED_DEVICE_FAMILY = "1,2";
			};
			name = Debug;
		};
		689A3FCE2014630A00FFF496 /* Release */ = {
			isa = XCBuildConfiguration;
			buildSettings = {
				ASSETCATALOG_COMPILER_APPICON_NAME = AppIcon;
				CODE_SIGN_STYLE = Automatic;
				DEVELOPMENT_TEAM = 3F7NZ8Q9YA;
				INFOPLIST_FILE = "Don't Get Cold/Info.plist";
				LD_RUNPATH_SEARCH_PATHS = "$(inherited) @executable_path/Frameworks";
				PRODUCT_BUNDLE_IDENTIFIER = "com.hovigkousherian.Don-t-Get-Cold";
				PRODUCT_NAME = "$(TARGET_NAME)";
				SWIFT_VERSION = 4.0;
				TARGETED_DEVICE_FAMILY = "1,2";
			};
			name = Release;
		};
/* End XCBuildConfiguration section */

/* Begin XCConfigurationList section */
		689A3FB52014630A00FFF496 /* Build configuration list for PBXProject "Don't Get Cold" */ = {
			isa = XCConfigurationList;
			buildConfigurations = (
				689A3FCA2014630A00FFF496 /* Debug */,
				689A3FCB2014630A00FFF496 /* Release */,
			);
			defaultConfigurationIsVisible = 0;
			defaultConfigurationName = Release;
		};
		689A3FCC2014630A00FFF496 /* Build configuration list for PBXNativeTarget "Don't Get Cold" */ = {
			isa = XCConfigurationList;
			buildConfigurations = (
				689A3FCD2014630A00FFF496 /* Debug */,
				689A3FCE2014630A00FFF496 /* Release */,
			);
			defaultConfigurationIsVisible = 0;
			defaultConfigurationName = Release;
		};
/* End XCConfigurationList section */
	};
	rootObject = 689A3FB22014630A00FFF496 /* Project object */;
}
