// !$*UTF8*$!
{
	archiveVersion = 1;
	classes = {
	};
	objectVersion = 48;
	objects = {

/* Begin PBXBuildFile section */
		68007F7120267C10006DD710 /* MainViewController.swift in Sources */ = {isa = PBXBuildFile; fileRef = 68007F7020267C10006DD710 /* MainViewController.swift */; };
		683F10E220180757003A2F7F /* city.list.json in Resources */ = {isa = PBXBuildFile; fileRef = 683F10E120180757003A2F7F /* city.list.json */; };
		683F10E6201807DF003A2F7F /* City.swift in Sources */ = {isa = PBXBuildFile; fileRef = 683F10E5201807DF003A2F7F /* City.swift */; };
		683F10EA20181B37003A2F7F /* RequestManager.swift in Sources */ = {isa = PBXBuildFile; fileRef = 683F10E920181B37003A2F7F /* RequestManager.swift */; };
		683F10F520195FB2003A2F7F /* WeatherInfoTableViewCell.swift in Sources */ = {isa = PBXBuildFile; fileRef = 683F10F320195FB2003A2F7F /* WeatherInfoTableViewCell.swift */; };
		683F10F620195FB2003A2F7F /* WeatherInfoTableViewCell.xib in Resources */ = {isa = PBXBuildFile; fileRef = 683F10F420195FB2003A2F7F /* WeatherInfoTableViewCell.xib */; };
		683F10F8201963AA003A2F7F /* CurrentWeather.swift in Sources */ = {isa = PBXBuildFile; fileRef = 683F10F7201963AA003A2F7F /* CurrentWeather.swift */; };
		683F10FA20197278003A2F7F /* WeatherInfoViewModel.swift in Sources */ = {isa = PBXBuildFile; fileRef = 683F10F920197278003A2F7F /* WeatherInfoViewModel.swift */; };
		683F10FC201A0DEF003A2F7F /* Date+Ext.swift in Sources */ = {isa = PBXBuildFile; fileRef = 683F10FB201A0DEF003A2F7F /* Date+Ext.swift */; };
		683F10FE201A2D47003A2F7F /* Forecast.swift in Sources */ = {isa = PBXBuildFile; fileRef = 683F10FD201A2D47003A2F7F /* Forecast.swift */; };
		683F1101201A336C003A2F7F /* WeatherData.swift in Sources */ = {isa = PBXBuildFile; fileRef = 683F1100201A336C003A2F7F /* WeatherData.swift */; };
		683F1106201AA932003A2F7F /* WeatherForecastCollectionViewCell.swift in Sources */ = {isa = PBXBuildFile; fileRef = 683F1104201AA932003A2F7F /* WeatherForecastCollectionViewCell.swift */; };
		683F1107201AA932003A2F7F /* WeatherForecastCollectionViewCell.xib in Resources */ = {isa = PBXBuildFile; fileRef = 683F1105201AA932003A2F7F /* WeatherForecastCollectionViewCell.xib */; };
		683F110B201C6BCC003A2F7F /* ForecastViewModel.swift in Sources */ = {isa = PBXBuildFile; fileRef = 683F110A201C6BCC003A2F7F /* ForecastViewModel.swift */; };
		683F110D201D4545003A2F7F /* WeatherIcon.swift in Sources */ = {isa = PBXBuildFile; fileRef = 683F110C201D4545003A2F7F /* WeatherIcon.swift */; };
		68410AE520147568003FA3B7 /* PermissionManager.swift in Sources */ = {isa = PBXBuildFile; fileRef = 68410AE420147568003FA3B7 /* PermissionManager.swift */; };
		68410AE720147603003FA3B7 /* AlertManager.swift in Sources */ = {isa = PBXBuildFile; fileRef = 68410AE620147602003FA3B7 /* AlertManager.swift */; };
		68410AEB2014765B003FA3B7 /* UIAlertController+Ext.swift in Sources */ = {isa = PBXBuildFile; fileRef = 68410AEA2014765B003FA3B7 /* UIAlertController+Ext.swift */; };
		68410AED201485D0003FA3B7 /* DataManager.swift in Sources */ = {isa = PBXBuildFile; fileRef = 68410AEC201485D0003FA3B7 /* DataManager.swift */; };
		68460BE72026A0D9000CA2E8 /* WeatherTableViewCell.swift in Sources */ = {isa = PBXBuildFile; fileRef = 68460BE52026A0D9000CA2E8 /* WeatherTableViewCell.swift */; };
		68460BE82026A0D9000CA2E8 /* WeatherTableViewCell.xib in Resources */ = {isa = PBXBuildFile; fileRef = 68460BE62026A0D9000CA2E8 /* WeatherTableViewCell.xib */; };
		68460BEE2026A5E9000CA2E8 /* CornerRadiusView.swift in Sources */ = {isa = PBXBuildFile; fileRef = 68460BED2026A5E9000CA2E8 /* CornerRadiusView.swift */; };
		68460BF02026A648000CA2E8 /* UIView+Ext.swift in Sources */ = {isa = PBXBuildFile; fileRef = 68460BEF2026A648000CA2E8 /* UIView+Ext.swift */; };
		68460BF22026A921000CA2E8 /* UIColor+Ext.swift in Sources */ = {isa = PBXBuildFile; fileRef = 68460BF12026A921000CA2E8 /* UIColor+Ext.swift */; };
		68460BF42026B098000CA2E8 /* Array+Ext.swift in Sources */ = {isa = PBXBuildFile; fileRef = 68460BF32026B098000CA2E8 /* Array+Ext.swift */; };
		68460BF72026B6E1000CA2E8 /* BaseViewController.swift in Sources */ = {isa = PBXBuildFile; fileRef = 68460BF62026B6E1000CA2E8 /* BaseViewController.swift */; };
		68460BFB2026BAAE000CA2E8 /* WeatherFooterTableViewCell.swift in Sources */ = {isa = PBXBuildFile; fileRef = 68460BFA2026BAAE000CA2E8 /* WeatherFooterTableViewCell.swift */; };
		68460BFD2026BAC1000CA2E8 /* WeatherFooterTableViewCell.xib in Resources */ = {isa = PBXBuildFile; fileRef = 68460BFC2026BAC1000CA2E8 /* WeatherFooterTableViewCell.xib */; };
		68460C002026C0DB000CA2E8 /* AddCityModalViewController.swift in Sources */ = {isa = PBXBuildFile; fileRef = 68460BFF2026C0DB000CA2E8 /* AddCityModalViewController.swift */; };
		68460C02202981BF000CA2E8 /* Backgrounds.xcassets in Resources */ = {isa = PBXBuildFile; fileRef = 68460C01202981BF000CA2E8 /* Backgrounds.xcassets */; };
		68460C0520298370000CA2E8 /* WeatherBackgroundImage.swift in Sources */ = {isa = PBXBuildFile; fileRef = 68460C0420298370000CA2E8 /* WeatherBackgroundImage.swift */; };
		68460C07202C096A000CA2E8 /* UIScreen+Ext.swift in Sources */ = {isa = PBXBuildFile; fileRef = 68460C06202C096A000CA2E8 /* UIScreen+Ext.swift */; };
		68460C09202E4E8A000CA2E8 /* CacheManager.swift in Sources */ = {isa = PBXBuildFile; fileRef = 68460C08202E4E8A000CA2E8 /* CacheManager.swift */; };
		68460C0B202E4E94000CA2E8 /* UserDefaults+Ext.swift in Sources */ = {isa = PBXBuildFile; fileRef = 68460C0A202E4E94000CA2E8 /* UserDefaults+Ext.swift */; };
		68460C0D202E51D9000CA2E8 /* NSCoder+Ext.swift in Sources */ = {isa = PBXBuildFile; fileRef = 68460C0C202E51D9000CA2E8 /* NSCoder+Ext.swift */; };
		6851D42220154FD300B5B68B /* AppConstants.swift in Sources */ = {isa = PBXBuildFile; fileRef = 6851D42120154FD300B5B68B /* AppConstants.swift */; };
		6851D4262015549F00B5B68B /* Weather.swift in Sources */ = {isa = PBXBuildFile; fileRef = 6851D4252015549F00B5B68B /* Weather.swift */; };
		6851D4292016E99200B5B68B /* BaseModel.swift in Sources */ = {isa = PBXBuildFile; fileRef = 6851D4282016E99200B5B68B /* BaseModel.swift */; };
		6851D42C2016E9F600B5B68B /* JSONConvertable.swift in Sources */ = {isa = PBXBuildFile; fileRef = 6851D42B2016E9F600B5B68B /* JSONConvertable.swift */; };
		6851D42F2016F03E00B5B68B /* Data+Ext.swift in Sources */ = {isa = PBXBuildFile; fileRef = 6851D42E2016F03E00B5B68B /* Data+Ext.swift */; };
		6870BBA82030FAC60050E5EF /* SettingsManager.swift in Sources */ = {isa = PBXBuildFile; fileRef = 6870BBA72030FAC60050E5EF /* SettingsManager.swift */; };
		6870BBAC203101F60050E5EF /* UnitMeasurementView.swift in Sources */ = {isa = PBXBuildFile; fileRef = 6870BBAB203101F60050E5EF /* UnitMeasurementView.swift */; };
		6870BBB02031039B0050E5EF /* UnitMeasurementView.xib in Resources */ = {isa = PBXBuildFile; fileRef = 6870BBAF2031039B0050E5EF /* UnitMeasurementView.xib */; };
		6870BBB220314FAE0050E5EF /* UIImage+Ext.swift in Sources */ = {isa = PBXBuildFile; fileRef = 6870BBB120314FAE0050E5EF /* UIImage+Ext.swift */; };
		689A3FBE2014630A00FFF496 /* AppDelegate.swift in Sources */ = {isa = PBXBuildFile; fileRef = 689A3FBD2014630A00FFF496 /* AppDelegate.swift */; };
		689A3FC32014630A00FFF496 /* Main.storyboard in Resources */ = {isa = PBXBuildFile; fileRef = 689A3FC12014630A00FFF496 /* Main.storyboard */; };
		689A3FC52014630A00FFF496 /* Assets.xcassets in Resources */ = {isa = PBXBuildFile; fileRef = 689A3FC42014630A00FFF496 /* Assets.xcassets */; };
		689A3FC82014630A00FFF496 /* LaunchScreen.storyboard in Resources */ = {isa = PBXBuildFile; fileRef = 689A3FC62014630A00FFF496 /* LaunchScreen.storyboard */; };
		689A3FD620146BDD00FFF496 /* WeatherViewController.swift in Sources */ = {isa = PBXBuildFile; fileRef = 689A3FD520146BDD00FFF496 /* WeatherViewController.swift */; };
		689A3FD8201470B800FFF496 /* LocationManager.swift in Sources */ = {isa = PBXBuildFile; fileRef = 689A3FD7201470B800FFF496 /* LocationManager.swift */; };
		68A3C27E205CA98300537787 /* NotificationCenter.framework in Frameworks */ = {isa = PBXBuildFile; fileRef = 68A3C27D205CA98300537787 /* NotificationCenter.framework */; };
		68A3C281205CA98300537787 /* TodayViewController.swift in Sources */ = {isa = PBXBuildFile; fileRef = 68A3C280205CA98300537787 /* TodayViewController.swift */; };
		68A3C284205CA98300537787 /* MainInterface.storyboard in Resources */ = {isa = PBXBuildFile; fileRef = 68A3C282205CA98300537787 /* MainInterface.storyboard */; };
		68A3C288205CA98300537787 /* Dont Get Cold Widget.appex in Embed App Extensions */ = {isa = PBXBuildFile; fileRef = 68A3C27C205CA98300537787 /* Dont Get Cold Widget.appex */; settings = {ATTRIBUTES = (RemoveHeadersOnCopy, ); }; };
		68A3C2A1205CBF1500537787 /* WeatherTableViewCell.swift in Sources */ = {isa = PBXBuildFile; fileRef = 68460BE52026A0D9000CA2E8 /* WeatherTableViewCell.swift */; };
		68A3C2A2205CBF2200537787 /* WeatherTableViewCell.xib in Resources */ = {isa = PBXBuildFile; fileRef = 68460BE62026A0D9000CA2E8 /* WeatherTableViewCell.xib */; };
		68A3C2A3205CBF6200537787 /* UIView+Ext.swift in Sources */ = {isa = PBXBuildFile; fileRef = 68460BEF2026A648000CA2E8 /* UIView+Ext.swift */; };
		68A3C2A4205CBF7600537787 /* UIColor+Ext.swift in Sources */ = {isa = PBXBuildFile; fileRef = 68460BF12026A921000CA2E8 /* UIColor+Ext.swift */; };
		68A3C2A5205CBF8000537787 /* AppConstants.swift in Sources */ = {isa = PBXBuildFile; fileRef = 6851D42120154FD300B5B68B /* AppConstants.swift */; };
		68A3C2A6205CBF9200537787 /* CurrentWeather.swift in Sources */ = {isa = PBXBuildFile; fileRef = 683F10F7201963AA003A2F7F /* CurrentWeather.swift */; };
		68A3C2A7205CBFA400537787 /* UIScreen+Ext.swift in Sources */ = {isa = PBXBuildFile; fileRef = 68460C06202C096A000CA2E8 /* UIScreen+Ext.swift */; };
		68A3C2A8205CBFAD00537787 /* UIImage+Ext.swift in Sources */ = {isa = PBXBuildFile; fileRef = 6870BBB120314FAE0050E5EF /* UIImage+Ext.swift */; };
		68A3C2A9205CBFBA00537787 /* Weather.swift in Sources */ = {isa = PBXBuildFile; fileRef = 6851D4252015549F00B5B68B /* Weather.swift */; };
		68A3C2AA205CBFC600537787 /* WeatherInfoViewModel.swift in Sources */ = {isa = PBXBuildFile; fileRef = 683F10F920197278003A2F7F /* WeatherInfoViewModel.swift */; };
		68A3C2AB205CBFD100537787 /* Date+Ext.swift in Sources */ = {isa = PBXBuildFile; fileRef = 683F10FB201A0DEF003A2F7F /* Date+Ext.swift */; };
		68A3C2AC205CBFE300537787 /* JSONConvertable.swift in Sources */ = {isa = PBXBuildFile; fileRef = 6851D42B2016E9F600B5B68B /* JSONConvertable.swift */; };
		68A3C2AD205CBFED00537787 /* WeatherData.swift in Sources */ = {isa = PBXBuildFile; fileRef = 683F1100201A336C003A2F7F /* WeatherData.swift */; };
		68A3C2AE205CC00500537787 /* NSCoder+Ext.swift in Sources */ = {isa = PBXBuildFile; fileRef = 68460C0C202E51D9000CA2E8 /* NSCoder+Ext.swift */; };
		68A3C2AF205CC01500537787 /* SettingsManager.swift in Sources */ = {isa = PBXBuildFile; fileRef = 6870BBA72030FAC60050E5EF /* SettingsManager.swift */; };
		68A3C2B0205CC02300537787 /* WeatherIcon.swift in Sources */ = {isa = PBXBuildFile; fileRef = 683F110C201D4545003A2F7F /* WeatherIcon.swift */; };
		68A3C2B1205CC02C00537787 /* WeatherBackgroundImage.swift in Sources */ = {isa = PBXBuildFile; fileRef = 68460C0420298370000CA2E8 /* WeatherBackgroundImage.swift */; };
		68A3C2B2205CC03A00537787 /* CacheManager.swift in Sources */ = {isa = PBXBuildFile; fileRef = 68460C08202E4E8A000CA2E8 /* CacheManager.swift */; };
		68A3C2B3205CC04900537787 /* UserDefaults+Ext.swift in Sources */ = {isa = PBXBuildFile; fileRef = 68460C0A202E4E94000CA2E8 /* UserDefaults+Ext.swift */; };
		68A3C2B4205CC07A00537787 /* Array+Ext.swift in Sources */ = {isa = PBXBuildFile; fileRef = 68460BF32026B098000CA2E8 /* Array+Ext.swift */; };
		68A3C2B5205CC26900537787 /* DataManager.swift in Sources */ = {isa = PBXBuildFile; fileRef = 68410AEC201485D0003FA3B7 /* DataManager.swift */; };
		68A3C2B6205CC26F00537787 /* RequestManager.swift in Sources */ = {isa = PBXBuildFile; fileRef = 683F10E920181B37003A2F7F /* RequestManager.swift */; };
		68A3C2B7205CC27F00537787 /* City.swift in Sources */ = {isa = PBXBuildFile; fileRef = 683F10E5201807DF003A2F7F /* City.swift */; };
		68A3C2B8205CC42100537787 /* Data+Ext.swift in Sources */ = {isa = PBXBuildFile; fileRef = 6851D42E2016F03E00B5B68B /* Data+Ext.swift */; };
		68A3C2B9205CC42900537787 /* Forecast.swift in Sources */ = {isa = PBXBuildFile; fileRef = 683F10FD201A2D47003A2F7F /* Forecast.swift */; };
		68A3C2BB205CC6C800537787 /* LocationManager.swift in Sources */ = {isa = PBXBuildFile; fileRef = 689A3FD7201470B800FFF496 /* LocationManager.swift */; };
		68A3C2BC205CC81900537787 /* Backgrounds.xcassets in Resources */ = {isa = PBXBuildFile; fileRef = 68460C01202981BF000CA2E8 /* Backgrounds.xcassets */; };
		68A3C2BE205CC93200537787 /* Assets.xcassets in Resources */ = {isa = PBXBuildFile; fileRef = 68A3C2BD205CC93200537787 /* Assets.xcassets */; };
		68AFD7C8203017210036BE31 /* WeatherInfoSectionHeaderTableViewCell.swift in Sources */ = {isa = PBXBuildFile; fileRef = 68AFD7C7203017210036BE31 /* WeatherInfoSectionHeaderTableViewCell.swift */; };
		68AFD7CA203017360036BE31 /* WeatherInfoSectionHeaderTableViewCell.xib in Resources */ = {isa = PBXBuildFile; fileRef = 68AFD7C9203017360036BE31 /* WeatherInfoSectionHeaderTableViewCell.xib */; };
/* End PBXBuildFile section */

/* Begin PBXContainerItemProxy section */
		68A3C286205CA98300537787 /* PBXContainerItemProxy */ = {
			isa = PBXContainerItemProxy;
			containerPortal = 689A3FB22014630A00FFF496 /* Project object */;
			proxyType = 1;
			remoteGlobalIDString = 68A3C27B205CA98300537787;
			remoteInfo = "Dont Get Cold Widget";
		};
/* End PBXContainerItemProxy section */

/* Begin PBXCopyFilesBuildPhase section */
		68A3C28C205CA98300537787 /* Embed App Extensions */ = {
			isa = PBXCopyFilesBuildPhase;
			buildActionMask = 2147483647;
			dstPath = "";
			dstSubfolderSpec = 13;
			files = (
				68A3C288205CA98300537787 /* Dont Get Cold Widget.appex in Embed App Extensions */,
			);
			name = "Embed App Extensions";
			runOnlyForDeploymentPostprocessing = 0;
		};
/* End PBXCopyFilesBuildPhase section */

/* Begin PBXFileReference section */
		29CA459553934180FEDC7BA7 /* Pods_Dont_Get_Cold.framework */ = {isa = PBXFileReference; explicitFileType = wrapper.framework; includeInIndex = 0; path = Pods_Dont_Get_Cold.framework; sourceTree = BUILT_PRODUCTS_DIR; };
		68007F7020267C10006DD710 /* MainViewController.swift */ = {isa = PBXFileReference; lastKnownFileType = sourcecode.swift; path = MainViewController.swift; sourceTree = "<group>"; };
		683F10E120180757003A2F7F /* city.list.json */ = {isa = PBXFileReference; fileEncoding = 4; lastKnownFileType = text.json; path = city.list.json; sourceTree = "<group>"; };
		683F10E5201807DF003A2F7F /* City.swift */ = {isa = PBXFileReference; lastKnownFileType = sourcecode.swift; path = City.swift; sourceTree = "<group>"; };
		683F10E920181B37003A2F7F /* RequestManager.swift */ = {isa = PBXFileReference; lastKnownFileType = sourcecode.swift; path = RequestManager.swift; sourceTree = "<group>"; };
		683F10F320195FB2003A2F7F /* WeatherInfoTableViewCell.swift */ = {isa = PBXFileReference; lastKnownFileType = sourcecode.swift; path = WeatherInfoTableViewCell.swift; sourceTree = "<group>"; };
		683F10F420195FB2003A2F7F /* WeatherInfoTableViewCell.xib */ = {isa = PBXFileReference; lastKnownFileType = file.xib; path = WeatherInfoTableViewCell.xib; sourceTree = "<group>"; };
		683F10F7201963AA003A2F7F /* CurrentWeather.swift */ = {isa = PBXFileReference; lastKnownFileType = sourcecode.swift; path = CurrentWeather.swift; sourceTree = "<group>"; };
		683F10F920197278003A2F7F /* WeatherInfoViewModel.swift */ = {isa = PBXFileReference; lastKnownFileType = sourcecode.swift; path = WeatherInfoViewModel.swift; sourceTree = "<group>"; };
		683F10FB201A0DEF003A2F7F /* Date+Ext.swift */ = {isa = PBXFileReference; lastKnownFileType = sourcecode.swift; path = "Date+Ext.swift"; sourceTree = "<group>"; };
		683F10FD201A2D47003A2F7F /* Forecast.swift */ = {isa = PBXFileReference; lastKnownFileType = sourcecode.swift; path = Forecast.swift; sourceTree = "<group>"; };
		683F1100201A336C003A2F7F /* WeatherData.swift */ = {isa = PBXFileReference; lastKnownFileType = sourcecode.swift; path = WeatherData.swift; sourceTree = "<group>"; };
		683F1104201AA932003A2F7F /* WeatherForecastCollectionViewCell.swift */ = {isa = PBXFileReference; lastKnownFileType = sourcecode.swift; path = WeatherForecastCollectionViewCell.swift; sourceTree = "<group>"; };
		683F1105201AA932003A2F7F /* WeatherForecastCollectionViewCell.xib */ = {isa = PBXFileReference; lastKnownFileType = file.xib; path = WeatherForecastCollectionViewCell.xib; sourceTree = "<group>"; };
		683F110A201C6BCC003A2F7F /* ForecastViewModel.swift */ = {isa = PBXFileReference; lastKnownFileType = sourcecode.swift; path = ForecastViewModel.swift; sourceTree = "<group>"; };
		683F110C201D4545003A2F7F /* WeatherIcon.swift */ = {isa = PBXFileReference; lastKnownFileType = sourcecode.swift; path = WeatherIcon.swift; sourceTree = "<group>"; };
		68410AE420147568003FA3B7 /* PermissionManager.swift */ = {isa = PBXFileReference; fileEncoding = 4; lastKnownFileType = sourcecode.swift; path = PermissionManager.swift; sourceTree = "<group>"; };
		68410AE620147602003FA3B7 /* AlertManager.swift */ = {isa = PBXFileReference; fileEncoding = 4; lastKnownFileType = sourcecode.swift; path = AlertManager.swift; sourceTree = "<group>"; };
		68410AEA2014765B003FA3B7 /* UIAlertController+Ext.swift */ = {isa = PBXFileReference; fileEncoding = 4; lastKnownFileType = sourcecode.swift; path = "UIAlertController+Ext.swift"; sourceTree = "<group>"; };
		68410AEC201485D0003FA3B7 /* DataManager.swift */ = {isa = PBXFileReference; lastKnownFileType = sourcecode.swift; path = DataManager.swift; sourceTree = "<group>"; };
		68460BE52026A0D9000CA2E8 /* WeatherTableViewCell.swift */ = {isa = PBXFileReference; lastKnownFileType = sourcecode.swift; path = WeatherTableViewCell.swift; sourceTree = "<group>"; };
		68460BE62026A0D9000CA2E8 /* WeatherTableViewCell.xib */ = {isa = PBXFileReference; lastKnownFileType = file.xib; path = WeatherTableViewCell.xib; sourceTree = "<group>"; };
		68460BED2026A5E9000CA2E8 /* CornerRadiusView.swift */ = {isa = PBXFileReference; lastKnownFileType = sourcecode.swift; path = CornerRadiusView.swift; sourceTree = "<group>"; };
		68460BEF2026A648000CA2E8 /* UIView+Ext.swift */ = {isa = PBXFileReference; fileEncoding = 4; lastKnownFileType = sourcecode.swift; path = "UIView+Ext.swift"; sourceTree = "<group>"; };
		68460BF12026A921000CA2E8 /* UIColor+Ext.swift */ = {isa = PBXFileReference; fileEncoding = 4; lastKnownFileType = sourcecode.swift; path = "UIColor+Ext.swift"; sourceTree = "<group>"; };
		68460BF32026B098000CA2E8 /* Array+Ext.swift */ = {isa = PBXFileReference; lastKnownFileType = sourcecode.swift; path = "Array+Ext.swift"; sourceTree = "<group>"; };
		68460BF62026B6E1000CA2E8 /* BaseViewController.swift */ = {isa = PBXFileReference; lastKnownFileType = sourcecode.swift; path = BaseViewController.swift; sourceTree = "<group>"; };
		68460BFA2026BAAE000CA2E8 /* WeatherFooterTableViewCell.swift */ = {isa = PBXFileReference; lastKnownFileType = sourcecode.swift; path = WeatherFooterTableViewCell.swift; sourceTree = "<group>"; };
		68460BFC2026BAC1000CA2E8 /* WeatherFooterTableViewCell.xib */ = {isa = PBXFileReference; lastKnownFileType = file.xib; path = WeatherFooterTableViewCell.xib; sourceTree = "<group>"; };
		68460BFF2026C0DB000CA2E8 /* AddCityModalViewController.swift */ = {isa = PBXFileReference; lastKnownFileType = sourcecode.swift; path = AddCityModalViewController.swift; sourceTree = "<group>"; };
		68460C01202981BF000CA2E8 /* Backgrounds.xcassets */ = {isa = PBXFileReference; lastKnownFileType = folder.assetcatalog; path = Backgrounds.xcassets; sourceTree = "<group>"; };
		68460C0420298370000CA2E8 /* WeatherBackgroundImage.swift */ = {isa = PBXFileReference; lastKnownFileType = sourcecode.swift; path = WeatherBackgroundImage.swift; sourceTree = "<group>"; };
		68460C06202C096A000CA2E8 /* UIScreen+Ext.swift */ = {isa = PBXFileReference; fileEncoding = 4; lastKnownFileType = sourcecode.swift; path = "UIScreen+Ext.swift"; sourceTree = "<group>"; };
		68460C08202E4E8A000CA2E8 /* CacheManager.swift */ = {isa = PBXFileReference; fileEncoding = 4; lastKnownFileType = sourcecode.swift; path = CacheManager.swift; sourceTree = "<group>"; };
		68460C0A202E4E94000CA2E8 /* UserDefaults+Ext.swift */ = {isa = PBXFileReference; fileEncoding = 4; lastKnownFileType = sourcecode.swift; path = "UserDefaults+Ext.swift"; sourceTree = "<group>"; };
		68460C0C202E51D9000CA2E8 /* NSCoder+Ext.swift */ = {isa = PBXFileReference; lastKnownFileType = sourcecode.swift; path = "NSCoder+Ext.swift"; sourceTree = "<group>"; };
		6851D42120154FD300B5B68B /* AppConstants.swift */ = {isa = PBXFileReference; lastKnownFileType = sourcecode.swift; path = AppConstants.swift; sourceTree = "<group>"; };
		6851D4252015549F00B5B68B /* Weather.swift */ = {isa = PBXFileReference; lastKnownFileType = sourcecode.swift; path = Weather.swift; sourceTree = "<group>"; };
		6851D4282016E99200B5B68B /* BaseModel.swift */ = {isa = PBXFileReference; lastKnownFileType = sourcecode.swift; path = BaseModel.swift; sourceTree = "<group>"; };
		6851D42B2016E9F600B5B68B /* JSONConvertable.swift */ = {isa = PBXFileReference; lastKnownFileType = sourcecode.swift; path = JSONConvertable.swift; sourceTree = "<group>"; };
		6851D42E2016F03E00B5B68B /* Data+Ext.swift */ = {isa = PBXFileReference; lastKnownFileType = sourcecode.swift; path = "Data+Ext.swift"; sourceTree = "<group>"; };
		6870BBA72030FAC60050E5EF /* SettingsManager.swift */ = {isa = PBXFileReference; lastKnownFileType = sourcecode.swift; path = SettingsManager.swift; sourceTree = "<group>"; };
		6870BBAB203101F60050E5EF /* UnitMeasurementView.swift */ = {isa = PBXFileReference; lastKnownFileType = sourcecode.swift; path = UnitMeasurementView.swift; sourceTree = "<group>"; };
		6870BBAF2031039B0050E5EF /* UnitMeasurementView.xib */ = {isa = PBXFileReference; lastKnownFileType = file.xib; path = UnitMeasurementView.xib; sourceTree = "<group>"; };
		6870BBB120314FAE0050E5EF /* UIImage+Ext.swift */ = {isa = PBXFileReference; lastKnownFileType = sourcecode.swift; path = "UIImage+Ext.swift"; sourceTree = "<group>"; };
		689A3FBA2014630A00FFF496 /* Dont Get Cold.app */ = {isa = PBXFileReference; explicitFileType = wrapper.application; includeInIndex = 0; path = "Dont Get Cold.app"; sourceTree = BUILT_PRODUCTS_DIR; };
		689A3FBD2014630A00FFF496 /* AppDelegate.swift */ = {isa = PBXFileReference; lastKnownFileType = sourcecode.swift; name = AppDelegate.swift; path = ../AppDelegate.swift; sourceTree = "<group>"; };
		689A3FC22014630A00FFF496 /* Base */ = {isa = PBXFileReference; lastKnownFileType = file.storyboard; name = Base; path = Base.lproj/Main.storyboard; sourceTree = "<group>"; };
		689A3FC42014630A00FFF496 /* Assets.xcassets */ = {isa = PBXFileReference; lastKnownFileType = folder.assetcatalog; path = Assets.xcassets; sourceTree = "<group>"; };
		689A3FC72014630A00FFF496 /* Base */ = {isa = PBXFileReference; lastKnownFileType = file.storyboard; name = Base; path = Base.lproj/LaunchScreen.storyboard; sourceTree = "<group>"; };
		689A3FC92014630A00FFF496 /* Info.plist */ = {isa = PBXFileReference; lastKnownFileType = text.plist.xml; path = Info.plist; sourceTree = "<group>"; };
		689A3FD520146BDD00FFF496 /* WeatherViewController.swift */ = {isa = PBXFileReference; lastKnownFileType = sourcecode.swift; path = WeatherViewController.swift; sourceTree = "<group>"; };
		689A3FD7201470B800FFF496 /* LocationManager.swift */ = {isa = PBXFileReference; fileEncoding = 4; lastKnownFileType = sourcecode.swift; path = LocationManager.swift; sourceTree = "<group>"; };
		68A3C27C205CA98300537787 /* Dont Get Cold Widget.appex */ = {isa = PBXFileReference; explicitFileType = "wrapper.app-extension"; includeInIndex = 0; path = "Dont Get Cold Widget.appex"; sourceTree = BUILT_PRODUCTS_DIR; };
		68A3C27D205CA98300537787 /* NotificationCenter.framework */ = {isa = PBXFileReference; lastKnownFileType = wrapper.framework; name = NotificationCenter.framework; path = System/Library/Frameworks/NotificationCenter.framework; sourceTree = SDKROOT; };
		68A3C280205CA98300537787 /* TodayViewController.swift */ = {isa = PBXFileReference; lastKnownFileType = sourcecode.swift; path = TodayViewController.swift; sourceTree = "<group>"; };
		68A3C283205CA98300537787 /* Base */ = {isa = PBXFileReference; lastKnownFileType = file.storyboard; name = Base; path = Base.lproj/MainInterface.storyboard; sourceTree = "<group>"; };
		68A3C285205CA98300537787 /* Info.plist */ = {isa = PBXFileReference; lastKnownFileType = text.plist.xml; path = Info.plist; sourceTree = "<group>"; };
		68A3C2BD205CC93200537787 /* Assets.xcassets */ = {isa = PBXFileReference; lastKnownFileType = folder.assetcatalog; path = Assets.xcassets; sourceTree = "<group>"; };
		68A3C2BF205D0A8A00537787 /* Dont Get Cold.entitlements */ = {isa = PBXFileReference; lastKnownFileType = text.plist.entitlements; path = "Dont Get Cold.entitlements"; sourceTree = "<group>"; };
		68A3C2C0205D0B7900537787 /* Dont Get Cold Widget.entitlements */ = {isa = PBXFileReference; lastKnownFileType = text.plist.entitlements; path = "Dont Get Cold Widget.entitlements"; sourceTree = "<group>"; };
		68AFD7C7203017210036BE31 /* WeatherInfoSectionHeaderTableViewCell.swift */ = {isa = PBXFileReference; lastKnownFileType = sourcecode.swift; path = WeatherInfoSectionHeaderTableViewCell.swift; sourceTree = "<group>"; };
		68AFD7C9203017360036BE31 /* WeatherInfoSectionHeaderTableViewCell.xib */ = {isa = PBXFileReference; lastKnownFileType = file.xib; path = WeatherInfoSectionHeaderTableViewCell.xib; sourceTree = "<group>"; };
/* End PBXFileReference section */

/* Begin PBXFrameworksBuildPhase section */
		689A3FB72014630A00FFF496 /* Frameworks */ = {
			isa = PBXFrameworksBuildPhase;
			buildActionMask = 2147483647;
			files = (
			);
			runOnlyForDeploymentPostprocessing = 0;
		};
		68A3C279205CA98300537787 /* Frameworks */ = {
			isa = PBXFrameworksBuildPhase;
			buildActionMask = 2147483647;
			files = (
				68A3C27E205CA98300537787 /* NotificationCenter.framework in Frameworks */,
			);
			runOnlyForDeploymentPostprocessing = 0;
		};
/* End PBXFrameworksBuildPhase section */

/* Begin PBXGroup section */
		13B684CCB329B5B766D2810B /* Frameworks */ = {
			isa = PBXGroup;
			children = (
				29CA459553934180FEDC7BA7 /* Pods_Dont_Get_Cold.framework */,
				68A3C27D205CA98300537787 /* NotificationCenter.framework */,
			);
			name = Frameworks;
			sourceTree = "<group>";
		};
		683F10E32018079F003A2F7F /* Local */ = {
			isa = PBXGroup;
			children = (
				683F1109201C6B37003A2F7F /* ViewModel */,
				683F1108201C6B2B003A2F7F /* DataModel */,
			);
			path = Local;
			sourceTree = "<group>";
		};
		683F10EB20183FE7003A2F7F /* Views */ = {
			isa = PBXGroup;
			children = (
				68460BEB2026A5CD000CA2E8 /* UIView */,
				683F1102201AA7EB003A2F7F /* UICollectionViewCell */,
				683F10F120195F35003A2F7F /* UITableViewCell */,
			);
			path = Views;
			sourceTree = "<group>";
		};
		683F10F120195F35003A2F7F /* UITableViewCell */ = {
			isa = PBXGroup;
			children = (
				68460BF92026BA4B000CA2E8 /* WeatherFooterTableViewCell */,
				68460BE42026A0B3000CA2E8 /* WeatherTableViewCell */,
				683F10F220195F43003A2F7F /* WeatherInfoTableViewCell */,
				68AFD7C62030168D0036BE31 /* WeatherInfoSectionHeaderTableViewCell */,
			);
			path = UITableViewCell;
			sourceTree = "<group>";
		};
		683F10F220195F43003A2F7F /* WeatherInfoTableViewCell */ = {
			isa = PBXGroup;
			children = (
				683F10F320195FB2003A2F7F /* WeatherInfoTableViewCell.swift */,
				683F10F420195FB2003A2F7F /* WeatherInfoTableViewCell.xib */,
			);
			path = WeatherInfoTableViewCell;
			sourceTree = "<group>";
		};
		683F1102201AA7EB003A2F7F /* UICollectionViewCell */ = {
			isa = PBXGroup;
			children = (
				683F1103201AA7FE003A2F7F /* WeatherForecastCollectionViewCell */,
			);
			path = UICollectionViewCell;
			sourceTree = "<group>";
		};
		683F1103201AA7FE003A2F7F /* WeatherForecastCollectionViewCell */ = {
			isa = PBXGroup;
			children = (
				683F1104201AA932003A2F7F /* WeatherForecastCollectionViewCell.swift */,
				683F1105201AA932003A2F7F /* WeatherForecastCollectionViewCell.xib */,
			);
			path = WeatherForecastCollectionViewCell;
			sourceTree = "<group>";
		};
		683F1108201C6B2B003A2F7F /* DataModel */ = {
			isa = PBXGroup;
			children = (
				683F10E5201807DF003A2F7F /* City.swift */,
				68460C032029834D000CA2E8 /* Images */,
			);
			path = DataModel;
			sourceTree = "<group>";
		};
		683F1109201C6B37003A2F7F /* ViewModel */ = {
			isa = PBXGroup;
			children = (
				683F10F7201963AA003A2F7F /* CurrentWeather.swift */,
				683F10F920197278003A2F7F /* WeatherInfoViewModel.swift */,
				683F110A201C6BCC003A2F7F /* ForecastViewModel.swift */,
			);
			path = ViewModel;
			sourceTree = "<group>";
		};
		68410AE820147640003FA3B7 /* Extensions */ = {
			isa = PBXGroup;
			children = (
				6851D42D2016F02B00B5B68B /* Foundation */,
				68410AE92014764A003FA3B7 /* UIKit */,
			);
			path = Extensions;
			sourceTree = "<group>";
		};
		68410AE92014764A003FA3B7 /* UIKit */ = {
			isa = PBXGroup;
			children = (
				68460C06202C096A000CA2E8 /* UIScreen+Ext.swift */,
				68410AEA2014765B003FA3B7 /* UIAlertController+Ext.swift */,
				68460BEF2026A648000CA2E8 /* UIView+Ext.swift */,
				68460BF12026A921000CA2E8 /* UIColor+Ext.swift */,
				6870BBB120314FAE0050E5EF /* UIImage+Ext.swift */,
			);
			path = UIKit;
			sourceTree = "<group>";
		};
		68460BE42026A0B3000CA2E8 /* WeatherTableViewCell */ = {
			isa = PBXGroup;
			children = (
				68460BE52026A0D9000CA2E8 /* WeatherTableViewCell.swift */,
				68460BE62026A0D9000CA2E8 /* WeatherTableViewCell.xib */,
			);
			path = WeatherTableViewCell;
			sourceTree = "<group>";
		};
		68460BEB2026A5CD000CA2E8 /* UIView */ = {
			isa = PBXGroup;
			children = (
				6870BBAA203101B20050E5EF /* UnitMeasurementView */,
				68460BEC2026A5D3000CA2E8 /* CornerRadiusView */,
			);
			path = UIView;
			sourceTree = "<group>";
		};
		68460BEC2026A5D3000CA2E8 /* CornerRadiusView */ = {
			isa = PBXGroup;
			children = (
				68460BED2026A5E9000CA2E8 /* CornerRadiusView.swift */,
			);
			path = CornerRadiusView;
			sourceTree = "<group>";
		};
		68460BF52026B6D0000CA2E8 /* Base */ = {
			isa = PBXGroup;
			children = (
				68460BF62026B6E1000CA2E8 /* BaseViewController.swift */,
			);
			path = Base;
			sourceTree = "<group>";
		};
		68460BF82026B7C2000CA2E8 /* Derived */ = {
			isa = PBXGroup;
			children = (
				68007F7020267C10006DD710 /* MainViewController.swift */,
				689A3FD520146BDD00FFF496 /* WeatherViewController.swift */,
			);
			path = Derived;
			sourceTree = "<group>";
		};
		68460BF92026BA4B000CA2E8 /* WeatherFooterTableViewCell */ = {
			isa = PBXGroup;
			children = (
				68460BFA2026BAAE000CA2E8 /* WeatherFooterTableViewCell.swift */,
				68460BFC2026BAC1000CA2E8 /* WeatherFooterTableViewCell.xib */,
			);
			path = WeatherFooterTableViewCell;
			sourceTree = "<group>";
		};
		68460BFE2026C0B1000CA2E8 /* Modal */ = {
			isa = PBXGroup;
			children = (
				68460BFF2026C0DB000CA2E8 /* AddCityModalViewController.swift */,
			);
			path = Modal;
			sourceTree = "<group>";
		};
		68460C032029834D000CA2E8 /* Images */ = {
			isa = PBXGroup;
			children = (
				683F110C201D4545003A2F7F /* WeatherIcon.swift */,
				68460C0420298370000CA2E8 /* WeatherBackgroundImage.swift */,
			);
			path = Images;
			sourceTree = "<group>";
		};
		6851D4232015528D00B5B68B /* Models */ = {
			isa = PBXGroup;
			children = (
				6851D4272016E98700B5B68B /* Base */,
				6851D4242015529600B5B68B /* Service */,
				683F10E32018079F003A2F7F /* Local */,
			);
			path = Models;
			sourceTree = "<group>";
		};
		6851D4242015529600B5B68B /* Service */ = {
			isa = PBXGroup;
			children = (
				6851D4252015549F00B5B68B /* Weather.swift */,
				683F10FD201A2D47003A2F7F /* Forecast.swift */,
				683F1100201A336C003A2F7F /* WeatherData.swift */,
			);
			path = Service;
			sourceTree = "<group>";
		};
		6851D4272016E98700B5B68B /* Base */ = {
			isa = PBXGroup;
			children = (
				6851D4282016E99200B5B68B /* BaseModel.swift */,
			);
			path = Base;
			sourceTree = "<group>";
		};
		6851D42A2016E9AB00B5B68B /* Protocols */ = {
			isa = PBXGroup;
			children = (
				6851D42B2016E9F600B5B68B /* JSONConvertable.swift */,
			);
			path = Protocols;
			sourceTree = "<group>";
		};
		6851D42D2016F02B00B5B68B /* Foundation */ = {
			isa = PBXGroup;
			children = (
				6851D42E2016F03E00B5B68B /* Data+Ext.swift */,
				683F10FB201A0DEF003A2F7F /* Date+Ext.swift */,
				68460C0A202E4E94000CA2E8 /* UserDefaults+Ext.swift */,
				68460BF32026B098000CA2E8 /* Array+Ext.swift */,
				68460C0C202E51D9000CA2E8 /* NSCoder+Ext.swift */,
			);
			path = Foundation;
			sourceTree = "<group>";
		};
		6870BBAA203101B20050E5EF /* UnitMeasurementView */ = {
			isa = PBXGroup;
			children = (
				6870BBAB203101F60050E5EF /* UnitMeasurementView.swift */,
				6870BBAF2031039B0050E5EF /* UnitMeasurementView.xib */,
			);
			path = UnitMeasurementView;
			sourceTree = "<group>";
		};
		689A3FB12014630A00FFF496 = {
			isa = PBXGroup;
			children = (
				689A3FBC2014630A00FFF496 /* Dont Get Cold */,
				68A3C27F205CA98300537787 /* Dont Get Cold Widget */,
				689A3FBB2014630A00FFF496 /* Products */,
				CC480F9898A62D5C07E1423C /* Pods */,
				13B684CCB329B5B766D2810B /* Frameworks */,
			);
			sourceTree = "<group>";
		};
		689A3FBB2014630A00FFF496 /* Products */ = {
			isa = PBXGroup;
			children = (
				689A3FBA2014630A00FFF496 /* Dont Get Cold.app */,
				68A3C27C205CA98300537787 /* Dont Get Cold Widget.appex */,
			);
			name = Products;
			sourceTree = "<group>";
		};
		689A3FBC2014630A00FFF496 /* Dont Get Cold */ = {
			isa = PBXGroup;
			children = (
				68A3C2BF205D0A8A00537787 /* Dont Get Cold.entitlements */,
				689A3FCF20146B1C00FFF496 /* Application */,
				689A3FD020146B2600FFF496 /* Presentation */,
				683F10EB20183FE7003A2F7F /* Views */,
				6851D4232015528D00B5B68B /* Models */,
				689A3FD9201470BA00FFF496 /* Helpers */,
				689A3FD220146B6200FFF496 /* Support */,
			);
			path = "Dont Get Cold";
			sourceTree = "<group>";
		};
		689A3FCF20146B1C00FFF496 /* Application */ = {
			isa = PBXGroup;
			children = (
				689A3FBD2014630A00FFF496 /* AppDelegate.swift */,
				6851D42120154FD300B5B68B /* AppConstants.swift */,
			);
			path = Application;
			sourceTree = "<group>";
		};
		689A3FD020146B2600FFF496 /* Presentation */ = {
			isa = PBXGroup;
			children = (
				689A3FD120146B3000FFF496 /* Storyboards */,
				689A3FD320146B7900FFF496 /* Controllers */,
			);
			path = Presentation;
			sourceTree = "<group>";
		};
		689A3FD120146B3000FFF496 /* Storyboards */ = {
			isa = PBXGroup;
			children = (
				689A3FC62014630A00FFF496 /* LaunchScreen.storyboard */,
				689A3FC12014630A00FFF496 /* Main.storyboard */,
			);
			path = Storyboards;
			sourceTree = "<group>";
		};
		689A3FD220146B6200FFF496 /* Support */ = {
			isa = PBXGroup;
			children = (
				683F10E120180757003A2F7F /* city.list.json */,
				689A3FC42014630A00FFF496 /* Assets.xcassets */,
				68460C01202981BF000CA2E8 /* Backgrounds.xcassets */,
				689A3FC92014630A00FFF496 /* Info.plist */,
			);
			path = Support;
			sourceTree = "<group>";
		};
		689A3FD320146B7900FFF496 /* Controllers */ = {
			isa = PBXGroup;
			children = (
				68460BF52026B6D0000CA2E8 /* Base */,
				68460BF82026B7C2000CA2E8 /* Derived */,
				68460BFE2026C0B1000CA2E8 /* Modal */,
			);
			path = Controllers;
			sourceTree = "<group>";
		};
		689A3FD9201470BA00FFF496 /* Helpers */ = {
			isa = PBXGroup;
			children = (
				68410AE820147640003FA3B7 /* Extensions */,
				689A3FDA201470C000FFF496 /* Managers */,
				6851D42A2016E9AB00B5B68B /* Protocols */,
			);
			path = Helpers;
			sourceTree = "<group>";
		};
		689A3FDA201470C000FFF496 /* Managers */ = {
			isa = PBXGroup;
			children = (
				68460C08202E4E8A000CA2E8 /* CacheManager.swift */,
				68410AE420147568003FA3B7 /* PermissionManager.swift */,
				689A3FD7201470B800FFF496 /* LocationManager.swift */,
				68410AE620147602003FA3B7 /* AlertManager.swift */,
				68410AEC201485D0003FA3B7 /* DataManager.swift */,
				683F10E920181B37003A2F7F /* RequestManager.swift */,
				6870BBA72030FAC60050E5EF /* SettingsManager.swift */,
			);
			path = Managers;
			sourceTree = "<group>";
		};
		68A3C27F205CA98300537787 /* Dont Get Cold Widget */ = {
			isa = PBXGroup;
			children = (
				68A3C2C0205D0B7900537787 /* Dont Get Cold Widget.entitlements */,
				68A3C280205CA98300537787 /* TodayViewController.swift */,
				68A3C282205CA98300537787 /* MainInterface.storyboard */,
				68A3C285205CA98300537787 /* Info.plist */,
				68A3C2BD205CC93200537787 /* Assets.xcassets */,
			);
			path = "Dont Get Cold Widget";
			sourceTree = "<group>";
		};
		68AFD7C62030168D0036BE31 /* WeatherInfoSectionHeaderTableViewCell */ = {
			isa = PBXGroup;
			children = (
				68AFD7C7203017210036BE31 /* WeatherInfoSectionHeaderTableViewCell.swift */,
				68AFD7C9203017360036BE31 /* WeatherInfoSectionHeaderTableViewCell.xib */,
			);
			path = WeatherInfoSectionHeaderTableViewCell;
			sourceTree = "<group>";
		};
		CC480F9898A62D5C07E1423C /* Pods */ = {
			isa = PBXGroup;
			children = (
			);
			name = Pods;
			sourceTree = "<group>";
		};
/* End PBXGroup section */

/* Begin PBXNativeTarget section */
		689A3FB92014630A00FFF496 /* Dont Get Cold */ = {
			isa = PBXNativeTarget;
			buildConfigurationList = 689A3FCC2014630A00FFF496 /* Build configuration list for PBXNativeTarget "Dont Get Cold" */;
			buildPhases = (
				689A3FB62014630A00FFF496 /* Sources */,
				689A3FB72014630A00FFF496 /* Frameworks */,
				689A3FB82014630A00FFF496 /* Resources */,
				68A3C28C205CA98300537787 /* Embed App Extensions */,
			);
			buildRules = (
			);
			dependencies = (
				68A3C287205CA98300537787 /* PBXTargetDependency */,
			);
			name = "Dont Get Cold";
			productName = "Don't Get Cold";
			productReference = 689A3FBA2014630A00FFF496 /* Dont Get Cold.app */;
			productType = "com.apple.product-type.application";
		};
		68A3C27B205CA98300537787 /* Dont Get Cold Widget */ = {
			isa = PBXNativeTarget;
			buildConfigurationList = 68A3C28B205CA98300537787 /* Build configuration list for PBXNativeTarget "Dont Get Cold Widget" */;
			buildPhases = (
				68A3C278205CA98300537787 /* Sources */,
				68A3C279205CA98300537787 /* Frameworks */,
				68A3C27A205CA98300537787 /* Resources */,
			);
			buildRules = (
			);
			dependencies = (
			);
			name = "Dont Get Cold Widget";
			productName = "Dont Get Cold Widget";
			productReference = 68A3C27C205CA98300537787 /* Dont Get Cold Widget.appex */;
			productType = "com.apple.product-type.app-extension";
		};
/* End PBXNativeTarget section */

/* Begin PBXProject section */
		689A3FB22014630A00FFF496 /* Project object */ = {
			isa = PBXProject;
			attributes = {
				LastSwiftUpdateCheck = 0920;
				LastUpgradeCheck = 0920;
				ORGANIZATIONNAME = "Hovig Kousherian";
				TargetAttributes = {
					689A3FB92014630A00FFF496 = {
						CreatedOnToolsVersion = 9.2;
						ProvisioningStyle = Manual;
						SystemCapabilities = {
							com.apple.ApplicationGroups.iOS = {
								enabled = 1;
							};
						};
					};
					68A3C27B205CA98300537787 = {
						CreatedOnToolsVersion = 9.2;
						ProvisioningStyle = Manual;
						SystemCapabilities = {
							com.apple.ApplicationGroups.iOS = {
								enabled = 1;
							};
						};
					};
				};
			};
			buildConfigurationList = 689A3FB52014630A00FFF496 /* Build configuration list for PBXProject "Dont Get Cold" */;
			compatibilityVersion = "Xcode 8.0";
			developmentRegion = en;
			hasScannedForEncodings = 0;
			knownRegions = (
				en,
				Base,
			);
			mainGroup = 689A3FB12014630A00FFF496;
			productRefGroup = 689A3FBB2014630A00FFF496 /* Products */;
			projectDirPath = "";
			projectRoot = "";
			targets = (
				689A3FB92014630A00FFF496 /* Dont Get Cold */,
				68A3C27B205CA98300537787 /* Dont Get Cold Widget */,
			);
		};
/* End PBXProject section */

/* Begin PBXResourcesBuildPhase section */
		689A3FB82014630A00FFF496 /* Resources */ = {
			isa = PBXResourcesBuildPhase;
			buildActionMask = 2147483647;
			files = (
				68AFD7CA203017360036BE31 /* WeatherInfoSectionHeaderTableViewCell.xib in Resources */,
				689A3FC82014630A00FFF496 /* LaunchScreen.storyboard in Resources */,
				683F10E220180757003A2F7F /* city.list.json in Resources */,
				689A3FC52014630A00FFF496 /* Assets.xcassets in Resources */,
				683F1107201AA932003A2F7F /* WeatherForecastCollectionViewCell.xib in Resources */,
				683F10F620195FB2003A2F7F /* WeatherInfoTableViewCell.xib in Resources */,
				68460C02202981BF000CA2E8 /* Backgrounds.xcassets in Resources */,
				68460BFD2026BAC1000CA2E8 /* WeatherFooterTableViewCell.xib in Resources */,
				6870BBB02031039B0050E5EF /* UnitMeasurementView.xib in Resources */,
				68460BE82026A0D9000CA2E8 /* WeatherTableViewCell.xib in Resources */,
				689A3FC32014630A00FFF496 /* Main.storyboard in Resources */,
			);
			runOnlyForDeploymentPostprocessing = 0;
		};
		68A3C27A205CA98300537787 /* Resources */ = {
			isa = PBXResourcesBuildPhase;
			buildActionMask = 2147483647;
			files = (
				68A3C2A2205CBF2200537787 /* WeatherTableViewCell.xib in Resources */,
				68A3C284205CA98300537787 /* MainInterface.storyboard in Resources */,
				68A3C2BE205CC93200537787 /* Assets.xcassets in Resources */,
				68A3C2BC205CC81900537787 /* Backgrounds.xcassets in Resources */,
			);
			runOnlyForDeploymentPostprocessing = 0;
		};
/* End PBXResourcesBuildPhase section */

/* Begin PBXSourcesBuildPhase section */
		689A3FB62014630A00FFF496 /* Sources */ = {
			isa = PBXSourcesBuildPhase;
			buildActionMask = 2147483647;
			files = (
				689A3FBE2014630A00FFF496 /* AppDelegate.swift in Sources */,
				6851D42C2016E9F600B5B68B /* JSONConvertable.swift in Sources */,
				68460C07202C096A000CA2E8 /* UIScreen+Ext.swift in Sources */,
				689A3FD620146BDD00FFF496 /* WeatherViewController.swift in Sources */,
				68460C0B202E4E94000CA2E8 /* UserDefaults+Ext.swift in Sources */,
				68AFD7C8203017210036BE31 /* WeatherInfoSectionHeaderTableViewCell.swift in Sources */,
				68460BF72026B6E1000CA2E8 /* BaseViewController.swift in Sources */,
				68460C002026C0DB000CA2E8 /* AddCityModalViewController.swift in Sources */,
				68460BF02026A648000CA2E8 /* UIView+Ext.swift in Sources */,
				683F10FE201A2D47003A2F7F /* Forecast.swift in Sources */,
				68460C0D202E51D9000CA2E8 /* NSCoder+Ext.swift in Sources */,
				683F10FA20197278003A2F7F /* WeatherInfoViewModel.swift in Sources */,
				6851D42F2016F03E00B5B68B /* Data+Ext.swift in Sources */,
				68410AEB2014765B003FA3B7 /* UIAlertController+Ext.swift in Sources */,
				6870BBAC203101F60050E5EF /* UnitMeasurementView.swift in Sources */,
				6870BBA82030FAC60050E5EF /* SettingsManager.swift in Sources */,
				6851D42220154FD300B5B68B /* AppConstants.swift in Sources */,
				6851D4292016E99200B5B68B /* BaseModel.swift in Sources */,
				6870BBB220314FAE0050E5EF /* UIImage+Ext.swift in Sources */,
				683F1106201AA932003A2F7F /* WeatherForecastCollectionViewCell.swift in Sources */,
				68460BEE2026A5E9000CA2E8 /* CornerRadiusView.swift in Sources */,
				683F10FC201A0DEF003A2F7F /* Date+Ext.swift in Sources */,
				68460C0520298370000CA2E8 /* WeatherBackgroundImage.swift in Sources */,
				683F10F8201963AA003A2F7F /* CurrentWeather.swift in Sources */,
				683F110D201D4545003A2F7F /* WeatherIcon.swift in Sources */,
				68007F7120267C10006DD710 /* MainViewController.swift in Sources */,
				683F10F520195FB2003A2F7F /* WeatherInfoTableViewCell.swift in Sources */,
				6851D4262015549F00B5B68B /* Weather.swift in Sources */,
				68410AED201485D0003FA3B7 /* DataManager.swift in Sources */,
				68410AE720147603003FA3B7 /* AlertManager.swift in Sources */,
				683F110B201C6BCC003A2F7F /* ForecastViewModel.swift in Sources */,
				683F1101201A336C003A2F7F /* WeatherData.swift in Sources */,
				68410AE520147568003FA3B7 /* PermissionManager.swift in Sources */,
				68460C09202E4E8A000CA2E8 /* CacheManager.swift in Sources */,
				683F10EA20181B37003A2F7F /* RequestManager.swift in Sources */,
				68460BFB2026BAAE000CA2E8 /* WeatherFooterTableViewCell.swift in Sources */,
				683F10E6201807DF003A2F7F /* City.swift in Sources */,
				68460BE72026A0D9000CA2E8 /* WeatherTableViewCell.swift in Sources */,
				68460BF42026B098000CA2E8 /* Array+Ext.swift in Sources */,
				68460BF22026A921000CA2E8 /* UIColor+Ext.swift in Sources */,
				689A3FD8201470B800FFF496 /* LocationManager.swift in Sources */,
			);
			runOnlyForDeploymentPostprocessing = 0;
		};
		68A3C278205CA98300537787 /* Sources */ = {
			isa = PBXSourcesBuildPhase;
			buildActionMask = 2147483647;
			files = (
				68A3C2AE205CC00500537787 /* NSCoder+Ext.swift in Sources */,
				68A3C2A1205CBF1500537787 /* WeatherTableViewCell.swift in Sources */,
				68A3C2A8205CBFAD00537787 /* UIImage+Ext.swift in Sources */,
				68A3C2A4205CBF7600537787 /* UIColor+Ext.swift in Sources */,
				68A3C2B7205CC27F00537787 /* City.swift in Sources */,
				68A3C2AC205CBFE300537787 /* JSONConvertable.swift in Sources */,
				68A3C2B0205CC02300537787 /* WeatherIcon.swift in Sources */,
				68A3C2A7205CBFA400537787 /* UIScreen+Ext.swift in Sources */,
				68A3C2B6205CC26F00537787 /* RequestManager.swift in Sources */,
				68A3C2B9205CC42900537787 /* Forecast.swift in Sources */,
				68A3C2B3205CC04900537787 /* UserDefaults+Ext.swift in Sources */,
				68A3C2A9205CBFBA00537787 /* Weather.swift in Sources */,
				68A3C2AA205CBFC600537787 /* WeatherInfoViewModel.swift in Sources */,
				68A3C2B5205CC26900537787 /* DataManager.swift in Sources */,
				68A3C2AB205CBFD100537787 /* Date+Ext.swift in Sources */,
				68A3C2B2205CC03A00537787 /* CacheManager.swift in Sources */,
				68A3C2B8205CC42100537787 /* Data+Ext.swift in Sources */,
				68A3C281205CA98300537787 /* TodayViewController.swift in Sources */,
				68A3C2A3205CBF6200537787 /* UIView+Ext.swift in Sources */,
				68A3C2AF205CC01500537787 /* SettingsManager.swift in Sources */,
				68A3C2A6205CBF9200537787 /* CurrentWeather.swift in Sources */,
				68A3C2A5205CBF8000537787 /* AppConstants.swift in Sources */,
				68A3C2B4205CC07A00537787 /* Array+Ext.swift in Sources */,
				68A3C2AD205CBFED00537787 /* WeatherData.swift in Sources */,
				68A3C2B1205CC02C00537787 /* WeatherBackgroundImage.swift in Sources */,
				68A3C2BB205CC6C800537787 /* LocationManager.swift in Sources */,
			);
			runOnlyForDeploymentPostprocessing = 0;
		};
/* End PBXSourcesBuildPhase section */

/* Begin PBXTargetDependency section */
		68A3C287205CA98300537787 /* PBXTargetDependency */ = {
			isa = PBXTargetDependency;
			target = 68A3C27B205CA98300537787 /* Dont Get Cold Widget */;
			targetProxy = 68A3C286205CA98300537787 /* PBXContainerItemProxy */;
		};
/* End PBXTargetDependency section */

/* Begin PBXVariantGroup section */
		689A3FC12014630A00FFF496 /* Main.storyboard */ = {
			isa = PBXVariantGroup;
			children = (
				689A3FC22014630A00FFF496 /* Base */,
			);
			name = Main.storyboard;
			sourceTree = "<group>";
		};
		689A3FC62014630A00FFF496 /* LaunchScreen.storyboard */ = {
			isa = PBXVariantGroup;
			children = (
				689A3FC72014630A00FFF496 /* Base */,
			);
			name = LaunchScreen.storyboard;
			sourceTree = "<group>";
		};
		68A3C282205CA98300537787 /* MainInterface.storyboard */ = {
			isa = PBXVariantGroup;
			children = (
				68A3C283205CA98300537787 /* Base */,
			);
			name = MainInterface.storyboard;
			sourceTree = "<group>";
		};
/* End PBXVariantGroup section */

/* Begin XCBuildConfiguration section */
		689A3FCA2014630A00FFF496 /* Debug */ = {
			isa = XCBuildConfiguration;
			buildSettings = {
				ALWAYS_SEARCH_USER_PATHS = NO;
				CLANG_ANALYZER_NONNULL = YES;
				CLANG_ANALYZER_NUMBER_OBJECT_CONVERSION = YES_AGGRESSIVE;
				CLANG_CXX_LANGUAGE_STANDARD = "gnu++14";
				CLANG_CXX_LIBRARY = "libc++";
				CLANG_ENABLE_MODULES = YES;
				CLANG_ENABLE_OBJC_ARC = YES;
				CLANG_WARN_BLOCK_CAPTURE_AUTORELEASING = YES;
				CLANG_WARN_BOOL_CONVERSION = YES;
				CLANG_WARN_COMMA = YES;
				CLANG_WARN_CONSTANT_CONVERSION = YES;
				CLANG_WARN_DIRECT_OBJC_ISA_USAGE = YES_ERROR;
				CLANG_WARN_DOCUMENTATION_COMMENTS = YES;
				CLANG_WARN_EMPTY_BODY = YES;
				CLANG_WARN_ENUM_CONVERSION = YES;
				CLANG_WARN_INFINITE_RECURSION = YES;
				CLANG_WARN_INT_CONVERSION = YES;
				CLANG_WARN_NON_LITERAL_NULL_CONVERSION = YES;
				CLANG_WARN_OBJC_LITERAL_CONVERSION = YES;
				CLANG_WARN_OBJC_ROOT_CLASS = YES_ERROR;
				CLANG_WARN_RANGE_LOOP_ANALYSIS = YES;
				CLANG_WARN_STRICT_PROTOTYPES = YES;
				CLANG_WARN_SUSPICIOUS_MOVE = YES;
				CLANG_WARN_UNGUARDED_AVAILABILITY = YES_AGGRESSIVE;
				CLANG_WARN_UNREACHABLE_CODE = YES;
				CLANG_WARN__DUPLICATE_METHOD_MATCH = YES;
				CODE_SIGN_IDENTITY = "iPhone Developer";
				COPY_PHASE_STRIP = NO;
				DEBUG_INFORMATION_FORMAT = dwarf;
				ENABLE_STRICT_OBJC_MSGSEND = YES;
				ENABLE_TESTABILITY = YES;
				GCC_C_LANGUAGE_STANDARD = gnu11;
				GCC_DYNAMIC_NO_PIC = NO;
				GCC_NO_COMMON_BLOCKS = YES;
				GCC_OPTIMIZATION_LEVEL = 0;
				GCC_PREPROCESSOR_DEFINITIONS = (
					"DEBUG=1",
					"$(inherited)",
				);
				GCC_WARN_64_TO_32_BIT_CONVERSION = YES;
				GCC_WARN_ABOUT_RETURN_TYPE = YES_ERROR;
				GCC_WARN_UNDECLARED_SELECTOR = YES;
				GCC_WARN_UNINITIALIZED_AUTOS = YES_AGGRESSIVE;
				GCC_WARN_UNUSED_FUNCTION = YES;
				GCC_WARN_UNUSED_VARIABLE = YES;
				IPHONEOS_DEPLOYMENT_TARGET = 10.0;
				MTL_ENABLE_DEBUG_INFO = YES;
				ONLY_ACTIVE_ARCH = YES;
				SDKROOT = iphoneos;
				SWIFT_ACTIVE_COMPILATION_CONDITIONS = DEBUG;
				SWIFT_OPTIMIZATION_LEVEL = "-Onone";
			};
			name = Debug;
		};
		689A3FCB2014630A00FFF496 /* Release */ = {
			isa = XCBuildConfiguration;
			buildSettings = {
				ALWAYS_SEARCH_USER_PATHS = NO;
				CLANG_ANALYZER_NONNULL = YES;
				CLANG_ANALYZER_NUMBER_OBJECT_CONVERSION = YES_AGGRESSIVE;
				CLANG_CXX_LANGUAGE_STANDARD = "gnu++14";
				CLANG_CXX_LIBRARY = "libc++";
				CLANG_ENABLE_MODULES = YES;
				CLANG_ENABLE_OBJC_ARC = YES;
				CLANG_WARN_BLOCK_CAPTURE_AUTORELEASING = YES;
				CLANG_WARN_BOOL_CONVERSION = YES;
				CLANG_WARN_COMMA = YES;
				CLANG_WARN_CONSTANT_CONVERSION = YES;
				CLANG_WARN_DIRECT_OBJC_ISA_USAGE = YES_ERROR;
				CLANG_WARN_DOCUMENTATION_COMMENTS = YES;
				CLANG_WARN_EMPTY_BODY = YES;
				CLANG_WARN_ENUM_CONVERSION = YES;
				CLANG_WARN_INFINITE_RECURSION = YES;
				CLANG_WARN_INT_CONVERSION = YES;
				CLANG_WARN_NON_LITERAL_NULL_CONVERSION = YES;
				CLANG_WARN_OBJC_LITERAL_CONVERSION = YES;
				CLANG_WARN_OBJC_ROOT_CLASS = YES_ERROR;
				CLANG_WARN_RANGE_LOOP_ANALYSIS = YES;
				CLANG_WARN_STRICT_PROTOTYPES = YES;
				CLANG_WARN_SUSPICIOUS_MOVE = YES;
				CLANG_WARN_UNGUARDED_AVAILABILITY = YES_AGGRESSIVE;
				CLANG_WARN_UNREACHABLE_CODE = YES;
				CLANG_WARN__DUPLICATE_METHOD_MATCH = YES;
				CODE_SIGN_IDENTITY = "iPhone Developer";
				COPY_PHASE_STRIP = NO;
				DEBUG_INFORMATION_FORMAT = "dwarf-with-dsym";
				ENABLE_NS_ASSERTIONS = NO;
				ENABLE_STRICT_OBJC_MSGSEND = YES;
				GCC_C_LANGUAGE_STANDARD = gnu11;
				GCC_NO_COMMON_BLOCKS = YES;
				GCC_WARN_64_TO_32_BIT_CONVERSION = YES;
				GCC_WARN_ABOUT_RETURN_TYPE = YES_ERROR;
				GCC_WARN_UNDECLARED_SELECTOR = YES;
				GCC_WARN_UNINITIALIZED_AUTOS = YES_AGGRESSIVE;
				GCC_WARN_UNUSED_FUNCTION = YES;
				GCC_WARN_UNUSED_VARIABLE = YES;
				IPHONEOS_DEPLOYMENT_TARGET = 10.0;
				MTL_ENABLE_DEBUG_INFO = NO;
				SDKROOT = iphoneos;
				SWIFT_OPTIMIZATION_LEVEL = "-Owholemodule";
				VALIDATE_PRODUCT = YES;
			};
			name = Release;
		};
		689A3FCD2014630A00FFF496 /* Debug */ = {
			isa = XCBuildConfiguration;
			buildSettings = {
				ALWAYS_EMBED_SWIFT_STANDARD_LIBRARIES = YES;
				ASSETCATALOG_COMPILER_APPICON_NAME = AppIcon;
				CODE_SIGN_ENTITLEMENTS = "Dont Get Cold/Dont Get Cold.entitlements";
				CODE_SIGN_IDENTITY = "iPhone Developer: Hovig Kousherian (DMKJ6937U8)";
				CODE_SIGN_STYLE = Manual;
				DEVELOPMENT_TEAM = 3F7NZ8Q9YA;
				INFOPLIST_FILE = "Dont Get Cold/Support/Info.plist";
				LD_RUNPATH_SEARCH_PATHS = "$(inherited) @executable_path/Frameworks";
				PRODUCT_BUNDLE_IDENTIFIER = "com.hovigkousherian.Dont-Get-Cold";
				PRODUCT_NAME = "$(TARGET_NAME)";
				PROVISIONING_PROFILE = "7206c4cf-421e-48f8-95c6-421365ee5315";
				PROVISIONING_PROFILE_SPECIFIER = "Dont Get Cold (Development)";
				SWIFT_VERSION = 4.0;
				TARGETED_DEVICE_FAMILY = 1;
			};
			name = Debug;
		};
		689A3FCE2014630A00FFF496 /* Release */ = {
			isa = XCBuildConfiguration;
			buildSettings = {
				ALWAYS_EMBED_SWIFT_STANDARD_LIBRARIES = YES;
				ASSETCATALOG_COMPILER_APPICON_NAME = AppIcon;
				CODE_SIGN_ENTITLEMENTS = "Dont Get Cold/Dont Get Cold.entitlements";
				CODE_SIGN_IDENTITY = "iPhone Distribution: Hovig Kousherian (3F7NZ8Q9YA)";
				CODE_SIGN_STYLE = Manual;
				DEVELOPMENT_TEAM = 3F7NZ8Q9YA;
				INFOPLIST_FILE = "Dont Get Cold/Support/Info.plist";
				LD_RUNPATH_SEARCH_PATHS = "$(inherited) @executable_path/Frameworks";
				PRODUCT_BUNDLE_IDENTIFIER = "com.hovigkousherian.Dont-Get-Cold";
				PRODUCT_NAME = "$(TARGET_NAME)";
				PROVISIONING_PROFILE = "1eca0802-2194-4aec-9dd3-bdfe1391eb0c";
				PROVISIONING_PROFILE_SPECIFIER = "Dont Get Cold (Distribution)";
				SWIFT_VERSION = 4.0;
				TARGETED_DEVICE_FAMILY = 1;
			};
			name = Release;
		};
		68A3C289205CA98300537787 /* Debug */ = {
			isa = XCBuildConfiguration;
			buildSettings = {
				CODE_SIGN_ENTITLEMENTS = "Dont Get Cold Widget/Dont Get Cold Widget.entitlements";
				CODE_SIGN_IDENTITY = "iPhone Developer: Hovig Kousherian (DMKJ6937U8)";
				CODE_SIGN_STYLE = Manual;
				DEVELOPMENT_TEAM = 3F7NZ8Q9YA;
				INFOPLIST_FILE = "Dont Get Cold Widget/Info.plist";
				IPHONEOS_DEPLOYMENT_TARGET = 10.0;
				LD_RUNPATH_SEARCH_PATHS = "$(inherited) @executable_path/Frameworks @executable_path/../../Frameworks";
				PRODUCT_BUNDLE_IDENTIFIER = "com.hovigkousherian.Dont-Get-Cold.Dont-Get-Cold-Widget";
				PRODUCT_NAME = "$(TARGET_NAME)";
				PROVISIONING_PROFILE = "ab73d3ef-1550-468f-a97d-0d7558cc54af";
				PROVISIONING_PROFILE_SPECIFIER = "Dont Get Cold - Widget (Development)";
				SKIP_INSTALL = YES;
				SWIFT_VERSION = 4.0;
				TARGETED_DEVICE_FAMILY = 1;
			};
			name = Debug;
		};
		68A3C28A205CA98300537787 /* Release */ = {
			isa = XCBuildConfiguration;
			buildSettings = {
				CODE_SIGN_ENTITLEMENTS = "Dont Get Cold Widget/Dont Get Cold Widget.entitlements";
				CODE_SIGN_IDENTITY = "iPhone Distribution: Hovig Kousherian (3F7NZ8Q9YA)";
				CODE_SIGN_STYLE = Manual;
				DEVELOPMENT_TEAM = 3F7NZ8Q9YA;
				INFOPLIST_FILE = "Dont Get Cold Widget/Info.plist";
				IPHONEOS_DEPLOYMENT_TARGET = 10.0;
				LD_RUNPATH_SEARCH_PATHS = "$(inherited) @executable_path/Frameworks @executable_path/../../Frameworks";
				PRODUCT_BUNDLE_IDENTIFIER = "com.hovigkousherian.Dont-Get-Cold.Dont-Get-Cold-Widget";
				PRODUCT_NAME = "$(TARGET_NAME)";
				PROVISIONING_PROFILE = "460bd6c9-0e84-4137-8989-51e0c192fe35";
				PROVISIONING_PROFILE_SPECIFIER = "Dont Get Cold - Widget (Distribution)";
				SKIP_INSTALL = YES;
				SWIFT_VERSION = 4.0;
				TARGETED_DEVICE_FAMILY = 1;
			};
			name = Release;
		};
/* End XCBuildConfiguration section */

/* Begin XCConfigurationList section */
		689A3FB52014630A00FFF496 /* Build configuration list for PBXProject "Dont Get Cold" */ = {
			isa = XCConfigurationList;
			buildConfigurations = (
				689A3FCA2014630A00FFF496 /* Debug */,
				689A3FCB2014630A00FFF496 /* Release */,
			);
			defaultConfigurationIsVisible = 0;
			defaultConfigurationName = Release;
		};
		689A3FCC2014630A00FFF496 /* Build configuration list for PBXNativeTarget "Dont Get Cold" */ = {
			isa = XCConfigurationList;
			buildConfigurations = (
				689A3FCD2014630A00FFF496 /* Debug */,
				689A3FCE2014630A00FFF496 /* Release */,
			);
			defaultConfigurationIsVisible = 0;
			defaultConfigurationName = Release;
		};
		68A3C28B205CA98300537787 /* Build configuration list for PBXNativeTarget "Dont Get Cold Widget" */ = {
			isa = XCConfigurationList;
			buildConfigurations = (
				68A3C289205CA98300537787 /* Debug */,
				68A3C28A205CA98300537787 /* Release */,
			);
			defaultConfigurationIsVisible = 0;
			defaultConfigurationName = Release;
		};
/* End XCConfigurationList section */
	};
	rootObject = 689A3FB22014630A00FFF496 /* Project object */;
}
